
Microsoft Visual Studio Solution File, Format Version 12.00
# Visual Studio 15
VisualStudioVersion = 15.0.28307.1585
MinimumVisualStudioVersion = 10.0.40219.1
Project("{FAE04EC0-301F-11D3-BF4B-00C04F79EFBC}") = "TheLastSunrise", "TheLastSunrise.csproj", "{393B6A67-5621-4DFA-83D0-C95776BDEDBB}"
EndProject
Project("{FAE04EC0-301F-11D3-BF4B-00C04F79EFBC}") = "SunriseLibrary", "..\SunriseLibrary\SunriseLibrary.csproj", "{C152A1B1-5676-45B8-B5F8-171379CC91A5}"
EndProject
Global
	GlobalSection(SolutionConfigurationPlatforms) = preSolution
		Debug|Any CPU = Debug|Any CPU
		Release|Any CPU = Release|Any CPU
	EndGlobalSection
	GlobalSection(ProjectConfigurationPlatforms) = postSolution
		{393B6A67-5621-4DFA-83D0-C95776BDEDBB}.Debug|Any CPU.ActiveCfg = Debug|Any CPU
		{393B6A67-5621-4DFA-83D0-C95776BDEDBB}.Debug|Any CPU.Build.0 = Debug|Any CPU
		{393B6A67-5621-4DFA-83D0-C95776BDEDBB}.Release|Any CPU.ActiveCfg = Release|Any CPU
		{393B6A67-5621-4DFA-83D0-C95776BDEDBB}.Release|Any CPU.Build.0 = Release|Any CPU
		{C152A1B1-5676-45B8-B5F8-171379CC91A5}.Debug|Any CPU.ActiveCfg = Debug|Any CPU
		{C152A1B1-5676-45B8-B5F8-171379CC91A5}.Debug|Any CPU.Build.0 = Debug|Any CPU
		{C152A1B1-5676-45B8-B5F8-171379CC91A5}.Release|Any CPU.ActiveCfg = Release|Any CPU
		{C152A1B1-5676-45B8-B5F8-171379CC91A5}.Release|Any CPU.Build.0 = Release|Any CPU
	EndGlobalSection
	GlobalSection(SolutionProperties) = preSolution
		HideSolutionNode = FALSE
	EndGlobalSection
	GlobalSection(ExtensibilityGlobals) = postSolution
		SolutionGuid = {4F7FDC44-30F4-4596-8308-E0702054A02A}
	EndGlobalSection
EndGlobal
